
Microsoft Visual Studio Solution File, Format Version 12.00
# Visual Studio 15
VisualStudioVersion = 15.0.26430.4
MinimumVisualStudioVersion = 10.0.40219.1
Project("{9A19103F-16F7-4668-BE54-9A1E7A4F7556}") = "Common", "Main\Common.csproj", "{574CC337-534A-4F4E-A7E9-C466274ED95D}"
EndProject
Project("{9A19103F-16F7-4668-BE54-9A1E7A4F7556}") = "Core", "Core\Core.csproj", "{4B612E22-BD3C-4255-9BB9-92C9D98108CA}"
EndProject
Project("{FAE04EC0-301F-11D3-BF4B-00C04F79EFBC}") = "UnitTests", "UnitTests\UnitTests.csproj", "{4CDBE247-2333-406B-9BA3-96F7A31215FE}"
EndProject
Project("{FAE04EC0-301F-11D3-BF4B-00C04F79EFBC}") = "DesktopClient", "DesktopClient\DesktopClient.csproj", "{905380E0-F6DA-4061-BDFC-47CD109014C1}"
EndProject
Project("{FAE04EC0-301F-11D3-BF4B-00C04F79EFBC}") = "ClientAPI", "ClientAPI\ClientAPI.csproj", "{3247EFF6-BCC6-4B6E-A5D6-D9AAD1790EFE}"
EndProject
Global
	GlobalSection(SolutionConfigurationPlatforms) = preSolution
		Debug|Any CPU = Debug|Any CPU
		Release|Any CPU = Release|Any CPU
	EndGlobalSection
	GlobalSection(ProjectConfigurationPlatforms) = postSolution
		{574CC337-534A-4F4E-A7E9-C466274ED95D}.Debug|Any CPU.ActiveCfg = Debug|Any CPU
		{574CC337-534A-4F4E-A7E9-C466274ED95D}.Debug|Any CPU.Build.0 = Debug|Any CPU
		{574CC337-534A-4F4E-A7E9-C466274ED95D}.Release|Any CPU.ActiveCfg = Release|Any CPU
		{574CC337-534A-4F4E-A7E9-C466274ED95D}.Release|Any CPU.Build.0 = Release|Any CPU
		{4B612E22-BD3C-4255-9BB9-92C9D98108CA}.Debug|Any CPU.ActiveCfg = Debug|Any CPU
		{4B612E22-BD3C-4255-9BB9-92C9D98108CA}.Debug|Any CPU.Build.0 = Debug|Any CPU
		{4B612E22-BD3C-4255-9BB9-92C9D98108CA}.Release|Any CPU.ActiveCfg = Release|Any CPU
		{4B612E22-BD3C-4255-9BB9-92C9D98108CA}.Release|Any CPU.Build.0 = Release|Any CPU
		{4CDBE247-2333-406B-9BA3-96F7A31215FE}.Debug|Any CPU.ActiveCfg = Debug|Any CPU
		{4CDBE247-2333-406B-9BA3-96F7A31215FE}.Debug|Any CPU.Build.0 = Debug|Any CPU
		{4CDBE247-2333-406B-9BA3-96F7A31215FE}.Release|Any CPU.ActiveCfg = Release|Any CPU
		{4CDBE247-2333-406B-9BA3-96F7A31215FE}.Release|Any CPU.Build.0 = Release|Any CPU
		{905380E0-F6DA-4061-BDFC-47CD109014C1}.Debug|Any CPU.ActiveCfg = Debug|Any CPU
		{905380E0-F6DA-4061-BDFC-47CD109014C1}.Debug|Any CPU.Build.0 = Debug|Any CPU
		{905380E0-F6DA-4061-BDFC-47CD109014C1}.Release|Any CPU.ActiveCfg = Release|Any CPU
		{905380E0-F6DA-4061-BDFC-47CD109014C1}.Release|Any CPU.Build.0 = Release|Any CPU
		{3247EFF6-BCC6-4B6E-A5D6-D9AAD1790EFE}.Debug|Any CPU.ActiveCfg = Debug|Any CPU
		{3247EFF6-BCC6-4B6E-A5D6-D9AAD1790EFE}.Debug|Any CPU.Build.0 = Debug|Any CPU
		{3247EFF6-BCC6-4B6E-A5D6-D9AAD1790EFE}.Release|Any CPU.ActiveCfg = Release|Any CPU
		{3247EFF6-BCC6-4B6E-A5D6-D9AAD1790EFE}.Release|Any CPU.Build.0 = Release|Any CPU
	EndGlobalSection
	GlobalSection(SolutionProperties) = preSolution
		HideSolutionNode = FALSE
	EndGlobalSection
EndGlobal
